
Microsoft Visual Studio Solution File, Format Version 12.00
# Visual Studio Version 16
VisualStudioVersion = 16.0.30204.135
MinimumVisualStudioVersion = 10.0.40219.1
Project("{FAE04EC0-301F-11D3-BF4B-00C04F79EFBC}") = "sample_2_4", "sample_2_4\sample_2_4.csproj", "{C01C9A9E-5E6C-42D5-BDF5-9BE5F6C3CF55}"
EndProject
Global
	GlobalSection(SolutionConfigurationPlatforms) = preSolution
		Debug|Any CPU = Debug|Any CPU
		Release|Any CPU = Release|Any CPU
	EndGlobalSection
	GlobalSection(ProjectConfigurationPlatforms) = postSolution
		{C01C9A9E-5E6C-42D5-BDF5-9BE5F6C3CF55}.Debug|Any CPU.ActiveCfg = Debug|Any CPU
		{C01C9A9E-5E6C-42D5-BDF5-9BE5F6C3CF55}.Debug|Any CPU.Build.0 = Debug|Any CPU
		{C01C9A9E-5E6C-42D5-BDF5-9BE5F6C3CF55}.Release|Any CPU.ActiveCfg = Release|Any CPU
		{C01C9A9E-5E6C-42D5-BDF5-9BE5F6C3CF55}.Release|Any CPU.Build.0 = Release|Any CPU
	EndGlobalSection
	GlobalSection(SolutionProperties) = preSolution
		HideSolutionNode = FALSE
	EndGlobalSection
	GlobalSection(ExtensibilityGlobals) = postSolution
		SolutionGuid = {4FE4C55F-E9A2-48BB-AD21-C9140DD92EB0}
	EndGlobalSection
EndGlobal
